
Microsoft Visual Studio Solution File, Format Version 12.00
# Visual Studio 15
VisualStudioVersion = 15.0.28307.168
MinimumVisualStudioVersion = 10.0.40219.1
Project("{FAE04EC0-301F-11D3-BF4B-00C04F79EFBC}") = "arquivosz", "arquivosz\arquivosz.csproj", "{C91A2922-C527-4B42-88DF-8D3704302F2A}"
EndProject
Global
	GlobalSection(SolutionConfigurationPlatforms) = preSolution
		Debug|Any CPU = Debug|Any CPU
		Release|Any CPU = Release|Any CPU
	EndGlobalSection
	GlobalSection(ProjectConfigurationPlatforms) = postSolution
		{C91A2922-C527-4B42-88DF-8D3704302F2A}.Debug|Any CPU.ActiveCfg = Debug|Any CPU
		{C91A2922-C527-4B42-88DF-8D3704302F2A}.Debug|Any CPU.Build.0 = Debug|Any CPU
		{C91A2922-C527-4B42-88DF-8D3704302F2A}.Release|Any CPU.ActiveCfg = Release|Any CPU
		{C91A2922-C527-4B42-88DF-8D3704302F2A}.Release|Any CPU.Build.0 = Release|Any CPU
	EndGlobalSection
	GlobalSection(SolutionProperties) = preSolution
		HideSolutionNode = FALSE
	EndGlobalSection
	GlobalSection(ExtensibilityGlobals) = postSolution
		SolutionGuid = {3898AAD8-2C30-4B61-823E-C764FEA3E8C4}
	EndGlobalSection
EndGlobal
